
Microsoft Visual Studio Solution File, Format Version 12.00
# Visual Studio Version 17
VisualStudioVersion = 17.5.33627.172
MinimumVisualStudioVersion = 10.0.40219.1
Project("{FAE04EC0-301F-11D3-BF4B-00C04F79EFBC}") = "IDGS904_tema1", "IDGS904_tema1\IDGS904_tema1.csproj", "{4F2C41B5-E554-4787-96BE-AF5AB6520862}"
EndProject
Global
	GlobalSection(SolutionConfigurationPlatforms) = preSolution
		Debug|Any CPU = Debug|Any CPU
		Release|Any CPU = Release|Any CPU
	EndGlobalSection
	GlobalSection(ProjectConfigurationPlatforms) = postSolution
		{4F2C41B5-E554-4787-96BE-AF5AB6520862}.Debug|Any CPU.ActiveCfg = Debug|Any CPU
		{4F2C41B5-E554-4787-96BE-AF5AB6520862}.Debug|Any CPU.Build.0 = Debug|Any CPU
		{4F2C41B5-E554-4787-96BE-AF5AB6520862}.Release|Any CPU.ActiveCfg = Release|Any CPU
		{4F2C41B5-E554-4787-96BE-AF5AB6520862}.Release|Any CPU.Build.0 = Release|Any CPU
	EndGlobalSection
	GlobalSection(SolutionProperties) = preSolution
		HideSolutionNode = FALSE
	EndGlobalSection
	GlobalSection(ExtensibilityGlobals) = postSolution
		SolutionGuid = {26C38D07-A6CE-4C37-A71B-0BFC88BA594E}
	EndGlobalSection
EndGlobal
